
Microsoft Visual Studio Solution File, Format Version 12.00
# Visual Studio Version 17
VisualStudioVersion = 17.2.32505.173
MinimumVisualStudioVersion = 10.0.40219.1
Project("{9A19103F-16F7-4668-BE54-9A1E7A4F7556}") = "DormitoryManagementSystem", "DormitoryManagementSystem\DormitoryManagementSystem.csproj", "{10E6CA49-51A2-472B-80A2-F3F7ABD8AE22}"
EndProject
Project("{9A19103F-16F7-4668-BE54-9A1E7A4F7556}") = "DormitoryManagementSystem.Model", "DormitoryManagementSystem.Model\DormitoryManagementSystem.Model.csproj", "{AFE9A332-E2C9-40EE-846A-0F816932550A}"
EndProject
Project("{9A19103F-16F7-4668-BE54-9A1E7A4F7556}") = "DormitoryManagementSystem.DataAccess", "DormitoryManagementSystem.DataAccess\DormitoryManagementSystem.DataAccess.csproj", "{C9F6CA3A-FE71-42C7-8504-84407632CABD}"
EndProject
Project("{9A19103F-16F7-4668-BE54-9A1E7A4F7556}") = "DormitoryManagementSystem.ViewModel", "DormitoryManagementSystem.ViewModel\DormitoryManagementSystem.ViewModel.csproj", "{876E32A7-1BA2-437D-AA7B-C5C37BAD71FF}"
EndProject
Project("{9A19103F-16F7-4668-BE54-9A1E7A4F7556}") = "DormitoryManagementSystem.Client", "DormitoryManagementSystem.Client\DormitoryManagementSystem.Client.csproj", "{BCEFC8DD-D6E6-440E-84D3-40D74114251A}"
EndProject
Project("{9A19103F-16F7-4668-BE54-9A1E7A4F7556}") = "DormitoryManagementSystem.Shared", "DormitoryManagementSystem.Shared\DormitoryManagementSystem.Shared.csproj", "{3AFB988C-A61C-42F3-A528-E8326C9E4D27}"
EndProject
Global
	GlobalSection(SolutionConfigurationPlatforms) = preSolution
		Debug|Any CPU = Debug|Any CPU
		Release|Any CPU = Release|Any CPU
	EndGlobalSection
	GlobalSection(ProjectConfigurationPlatforms) = postSolution
		{10E6CA49-51A2-472B-80A2-F3F7ABD8AE22}.Debug|Any CPU.ActiveCfg = Debug|Any CPU
		{10E6CA49-51A2-472B-80A2-F3F7ABD8AE22}.Debug|Any CPU.Build.0 = Debug|Any CPU
		{10E6CA49-51A2-472B-80A2-F3F7ABD8AE22}.Release|Any CPU.ActiveCfg = Release|Any CPU
		{10E6CA49-51A2-472B-80A2-F3F7ABD8AE22}.Release|Any CPU.Build.0 = Release|Any CPU
		{AFE9A332-E2C9-40EE-846A-0F816932550A}.Debug|Any CPU.ActiveCfg = Debug|Any CPU
		{AFE9A332-E2C9-40EE-846A-0F816932550A}.Debug|Any CPU.Build.0 = Debug|Any CPU
		{AFE9A332-E2C9-40EE-846A-0F816932550A}.Release|Any CPU.ActiveCfg = Release|Any CPU
		{AFE9A332-E2C9-40EE-846A-0F816932550A}.Release|Any CPU.Build.0 = Release|Any CPU
		{C9F6CA3A-FE71-42C7-8504-84407632CABD}.Debug|Any CPU.ActiveCfg = Debug|Any CPU
		{C9F6CA3A-FE71-42C7-8504-84407632CABD}.Debug|Any CPU.Build.0 = Debug|Any CPU
		{C9F6CA3A-FE71-42C7-8504-84407632CABD}.Release|Any CPU.ActiveCfg = Release|Any CPU
		{C9F6CA3A-FE71-42C7-8504-84407632CABD}.Release|Any CPU.Build.0 = Release|Any CPU
		{876E32A7-1BA2-437D-AA7B-C5C37BAD71FF}.Debug|Any CPU.ActiveCfg = Debug|Any CPU
		{876E32A7-1BA2-437D-AA7B-C5C37BAD71FF}.Debug|Any CPU.Build.0 = Debug|Any CPU
		{876E32A7-1BA2-437D-AA7B-C5C37BAD71FF}.Release|Any CPU.ActiveCfg = Release|Any CPU
		{876E32A7-1BA2-437D-AA7B-C5C37BAD71FF}.Release|Any CPU.Build.0 = Release|Any CPU
		{BCEFC8DD-D6E6-440E-84D3-40D74114251A}.Debug|Any CPU.ActiveCfg = Debug|Any CPU
		{BCEFC8DD-D6E6-440E-84D3-40D74114251A}.Debug|Any CPU.Build.0 = Debug|Any CPU
		{BCEFC8DD-D6E6-440E-84D3-40D74114251A}.Release|Any CPU.ActiveCfg = Release|Any CPU
		{BCEFC8DD-D6E6-440E-84D3-40D74114251A}.Release|Any CPU.Build.0 = Release|Any CPU
		{3AFB988C-A61C-42F3-A528-E8326C9E4D27}.Debug|Any CPU.ActiveCfg = Debug|Any CPU
		{3AFB988C-A61C-42F3-A528-E8326C9E4D27}.Debug|Any CPU.Build.0 = Debug|Any CPU
		{3AFB988C-A61C-42F3-A528-E8326C9E4D27}.Release|Any CPU.ActiveCfg = Release|Any CPU
		{3AFB988C-A61C-42F3-A528-E8326C9E4D27}.Release|Any CPU.Build.0 = Release|Any CPU
	EndGlobalSection
	GlobalSection(SolutionProperties) = preSolution
		HideSolutionNode = FALSE
	EndGlobalSection
	GlobalSection(ExtensibilityGlobals) = postSolution
		SolutionGuid = {1F219808-E6E8-4C1D-B846-41F2F7CF20FA}
	EndGlobalSection
EndGlobal
